
Microsoft Visual Studio Solution File, Format Version 12.00
# Visual Studio Version 16
VisualStudioVersion = 16.0.31702.278
MinimumVisualStudioVersion = 10.0.40219.1
Project("{FAE04EC0-301F-11D3-BF4B-00C04F79EFBC}") = "BatteriaItaliaApp.UWP", "BatteriaItaliaApp\BatteriaItaliaApp.UWP\BatteriaItaliaApp.UWP.csproj", "{3442C200-6133-456C-A9F5-94D808401561}"
EndProject
Project("{FAE04EC0-301F-11D3-BF4B-00C04F79EFBC}") = "BatteriaItaliaApp.Android", "BatteriaItaliaApp\BatteriaItaliaApp.Android\BatteriaItaliaApp.Android.csproj", "{63689B2B-C698-4201-977C-086CC7DD8727}"
EndProject
Project("{FAE04EC0-301F-11D3-BF4B-00C04F79EFBC}") = "BatteriaItaliaApp", "BatteriaItaliaApp\BatteriaItaliaApp\BatteriaItaliaApp.csproj", "{D6A81E37-5E8F-48E8-91BB-FFBE46D321B1}"
EndProject
Global
	GlobalSection(SolutionConfigurationPlatforms) = preSolution
		Debug|Any CPU = Debug|Any CPU
		Debug|ARM = Debug|ARM
		Debug|x64 = Debug|x64
		Debug|x86 = Debug|x86
		Release|Any CPU = Release|Any CPU
		Release|ARM = Release|ARM
		Release|x64 = Release|x64
		Release|x86 = Release|x86
	EndGlobalSection
	GlobalSection(ProjectConfigurationPlatforms) = postSolution
		{3442C200-6133-456C-A9F5-94D808401561}.Debug|Any CPU.ActiveCfg = Debug|x86
		{3442C200-6133-456C-A9F5-94D808401561}.Debug|Any CPU.Build.0 = Debug|x86
		{3442C200-6133-456C-A9F5-94D808401561}.Debug|Any CPU.Deploy.0 = Debug|x86
		{3442C200-6133-456C-A9F5-94D808401561}.Debug|ARM.ActiveCfg = Debug|ARM
		{3442C200-6133-456C-A9F5-94D808401561}.Debug|ARM.Build.0 = Debug|ARM
		{3442C200-6133-456C-A9F5-94D808401561}.Debug|ARM.Deploy.0 = Debug|ARM
		{3442C200-6133-456C-A9F5-94D808401561}.Debug|x64.ActiveCfg = Debug|x64
		{3442C200-6133-456C-A9F5-94D808401561}.Debug|x64.Build.0 = Debug|x64
		{3442C200-6133-456C-A9F5-94D808401561}.Debug|x64.Deploy.0 = Debug|x64
		{3442C200-6133-456C-A9F5-94D808401561}.Debug|x86.ActiveCfg = Debug|x86
		{3442C200-6133-456C-A9F5-94D808401561}.Debug|x86.Build.0 = Debug|x86
		{3442C200-6133-456C-A9F5-94D808401561}.Debug|x86.Deploy.0 = Debug|x86
		{3442C200-6133-456C-A9F5-94D808401561}.Release|Any CPU.ActiveCfg = Release|x86
		{3442C200-6133-456C-A9F5-94D808401561}.Release|Any CPU.Build.0 = Release|x86
		{3442C200-6133-456C-A9F5-94D808401561}.Release|Any CPU.Deploy.0 = Release|x86
		{3442C200-6133-456C-A9F5-94D808401561}.Release|ARM.ActiveCfg = Release|ARM
		{3442C200-6133-456C-A9F5-94D808401561}.Release|ARM.Build.0 = Release|ARM
		{3442C200-6133-456C-A9F5-94D808401561}.Release|ARM.Deploy.0 = Release|ARM
		{3442C200-6133-456C-A9F5-94D808401561}.Release|x64.ActiveCfg = Release|x64
		{3442C200-6133-456C-A9F5-94D808401561}.Release|x64.Build.0 = Release|x64
		{3442C200-6133-456C-A9F5-94D808401561}.Release|x64.Deploy.0 = Release|x64
		{3442C200-6133-456C-A9F5-94D808401561}.Release|x86.ActiveCfg = Release|x86
		{3442C200-6133-456C-A9F5-94D808401561}.Release|x86.Build.0 = Release|x86
		{3442C200-6133-456C-A9F5-94D808401561}.Release|x86.Deploy.0 = Release|x86
		{63689B2B-C698-4201-977C-086CC7DD8727}.Debug|Any CPU.ActiveCfg = Debug|Any CPU
		{63689B2B-C698-4201-977C-086CC7DD8727}.Debug|Any CPU.Build.0 = Debug|Any CPU
		{63689B2B-C698-4201-977C-086CC7DD8727}.Debug|Any CPU.Deploy.0 = Debug|Any CPU
		{63689B2B-C698-4201-977C-086CC7DD8727}.Debug|ARM.ActiveCfg = Debug|Any CPU
		{63689B2B-C698-4201-977C-086CC7DD8727}.Debug|ARM.Build.0 = Debug|Any CPU
		{63689B2B-C698-4201-977C-086CC7DD8727}.Debug|ARM.Deploy.0 = Debug|Any CPU
		{63689B2B-C698-4201-977C-086CC7DD8727}.Debug|x64.ActiveCfg = Debug|Any CPU
		{63689B2B-C698-4201-977C-086CC7DD8727}.Debug|x64.Build.0 = Debug|Any CPU
		{63689B2B-C698-4201-977C-086CC7DD8727}.Debug|x64.Deploy.0 = Debug|Any CPU
		{63689B2B-C698-4201-977C-086CC7DD8727}.Debug|x86.ActiveCfg = Debug|Any CPU
		{63689B2B-C698-4201-977C-086CC7DD8727}.Debug|x86.Build.0 = Debug|Any CPU
		{63689B2B-C698-4201-977C-086CC7DD8727}.Debug|x86.Deploy.0 = Debug|Any CPU
		{63689B2B-C698-4201-977C-086CC7DD8727}.Release|Any CPU.ActiveCfg = Release|Any CPU
		{63689B2B-C698-4201-977C-086CC7DD8727}.Release|Any CPU.Build.0 = Release|Any CPU
		{63689B2B-C698-4201-977C-086CC7DD8727}.Release|Any CPU.Deploy.0 = Release|Any CPU
		{63689B2B-C698-4201-977C-086CC7DD8727}.Release|ARM.ActiveCfg = Release|Any CPU
		{63689B2B-C698-4201-977C-086CC7DD8727}.Release|ARM.Build.0 = Release|Any CPU
		{63689B2B-C698-4201-977C-086CC7DD8727}.Release|ARM.Deploy.0 = Release|Any CPU
		{63689B2B-C698-4201-977C-086CC7DD8727}.Release|x64.ActiveCfg = Release|Any CPU
		{63689B2B-C698-4201-977C-086CC7DD8727}.Release|x64.Build.0 = Release|Any CPU
		{63689B2B-C698-4201-977C-086CC7DD8727}.Release|x64.Deploy.0 = Release|Any CPU
		{63689B2B-C698-4201-977C-086CC7DD8727}.Release|x86.ActiveCfg = Release|Any CPU
		{63689B2B-C698-4201-977C-086CC7DD8727}.Release|x86.Build.0 = Release|Any CPU
		{63689B2B-C698-4201-977C-086CC7DD8727}.Release|x86.Deploy.0 = Release|Any CPU
		{D6A81E37-5E8F-48E8-91BB-FFBE46D321B1}.Debug|Any CPU.ActiveCfg = Debug|Any CPU
		{D6A81E37-5E8F-48E8-91BB-FFBE46D321B1}.Debug|Any CPU.Build.0 = Debug|Any CPU
		{D6A81E37-5E8F-48E8-91BB-FFBE46D321B1}.Debug|Any CPU.Deploy.0 = Debug|Any CPU
		{D6A81E37-5E8F-48E8-91BB-FFBE46D321B1}.Debug|ARM.ActiveCfg = Debug|Any CPU
		{D6A81E37-5E8F-48E8-91BB-FFBE46D321B1}.Debug|ARM.Build.0 = Debug|Any CPU
		{D6A81E37-5E8F-48E8-91BB-FFBE46D321B1}.Debug|ARM.Deploy.0 = Debug|Any CPU
		{D6A81E37-5E8F-48E8-91BB-FFBE46D321B1}.Debug|x64.ActiveCfg = Debug|Any CPU
		{D6A81E37-5E8F-48E8-91BB-FFBE46D321B1}.Debug|x64.Build.0 = Debug|Any CPU
		{D6A81E37-5E8F-48E8-91BB-FFBE46D321B1}.Debug|x64.Deploy.0 = Debug|Any CPU
		{D6A81E37-5E8F-48E8-91BB-FFBE46D321B1}.Debug|x86.ActiveCfg = Debug|Any CPU
		{D6A81E37-5E8F-48E8-91BB-FFBE46D321B1}.Debug|x86.Build.0 = Debug|Any CPU
		{D6A81E37-5E8F-48E8-91BB-FFBE46D321B1}.Debug|x86.Deploy.0 = Debug|Any CPU
		{D6A81E37-5E8F-48E8-91BB-FFBE46D321B1}.Release|Any CPU.ActiveCfg = Release|Any CPU
		{D6A81E37-5E8F-48E8-91BB-FFBE46D321B1}.Release|Any CPU.Build.0 = Release|Any CPU
		{D6A81E37-5E8F-48E8-91BB-FFBE46D321B1}.Release|Any CPU.Deploy.0 = Release|Any CPU
		{D6A81E37-5E8F-48E8-91BB-FFBE46D321B1}.Release|ARM.ActiveCfg = Release|Any CPU
		{D6A81E37-5E8F-48E8-91BB-FFBE46D321B1}.Release|ARM.Build.0 = Release|Any CPU
		{D6A81E37-5E8F-48E8-91BB-FFBE46D321B1}.Release|ARM.Deploy.0 = Release|Any CPU
		{D6A81E37-5E8F-48E8-91BB-FFBE46D321B1}.Release|x64.ActiveCfg = Release|Any CPU
		{D6A81E37-5E8F-48E8-91BB-FFBE46D321B1}.Release|x64.Build.0 = Release|Any CPU
		{D6A81E37-5E8F-48E8-91BB-FFBE46D321B1}.Release|x64.Deploy.0 = Release|Any CPU
		{D6A81E37-5E8F-48E8-91BB-FFBE46D321B1}.Release|x86.ActiveCfg = Release|Any CPU
		{D6A81E37-5E8F-48E8-91BB-FFBE46D321B1}.Release|x86.Build.0 = Release|Any CPU
		{D6A81E37-5E8F-48E8-91BB-FFBE46D321B1}.Release|x86.Deploy.0 = Release|Any CPU
	EndGlobalSection
	GlobalSection(SolutionProperties) = preSolution
		HideSolutionNode = FALSE
	EndGlobalSection
	GlobalSection(ExtensibilityGlobals) = postSolution
		SolutionGuid = {9984FBD4-5699-4BF6-9F94-57C967F95C24}
	EndGlobalSection
EndGlobal
